
Microsoft Visual Studio Solution File, Format Version 12.00
# Visual Studio 15
VisualStudioVersion = 15.0.28010.2016
MinimumVisualStudioVersion = 10.0.40219.1
Project("{9A19103F-16F7-4668-BE54-9A1E7A4F7556}") = "TotalSynergyWebApi", "TotalSynergyWebApi\TotalSynergyWebApi.csproj", "{6536660D-916A-4D17-B9E3-01E7F5AEE9C0}"
EndProject
Project("{FAE04EC0-301F-11D3-BF4B-00C04F79EFBC}") = "TotalSynergyTest", "TotalSynergyTest\TotalSynergyTest.csproj", "{FC70999E-205A-418B-BF92-3E93CD681B2F}"
EndProject
Global
	GlobalSection(SolutionConfigurationPlatforms) = preSolution
		Debug|Any CPU = Debug|Any CPU
		Release|Any CPU = Release|Any CPU
	EndGlobalSection
	GlobalSection(ProjectConfigurationPlatforms) = postSolution
		{6536660D-916A-4D17-B9E3-01E7F5AEE9C0}.Debug|Any CPU.ActiveCfg = Debug|Any CPU
		{6536660D-916A-4D17-B9E3-01E7F5AEE9C0}.Debug|Any CPU.Build.0 = Debug|Any CPU
		{6536660D-916A-4D17-B9E3-01E7F5AEE9C0}.Release|Any CPU.ActiveCfg = Release|Any CPU
		{6536660D-916A-4D17-B9E3-01E7F5AEE9C0}.Release|Any CPU.Build.0 = Release|Any CPU
		{FC70999E-205A-418B-BF92-3E93CD681B2F}.Debug|Any CPU.ActiveCfg = Debug|Any CPU
		{FC70999E-205A-418B-BF92-3E93CD681B2F}.Debug|Any CPU.Build.0 = Debug|Any CPU
		{FC70999E-205A-418B-BF92-3E93CD681B2F}.Release|Any CPU.ActiveCfg = Release|Any CPU
		{FC70999E-205A-418B-BF92-3E93CD681B2F}.Release|Any CPU.Build.0 = Release|Any CPU
	EndGlobalSection
	GlobalSection(SolutionProperties) = preSolution
		HideSolutionNode = FALSE
	EndGlobalSection
	GlobalSection(ExtensibilityGlobals) = postSolution
		SolutionGuid = {14149002-9AE9-452C-8B46-38BB69066FA0}
	EndGlobalSection
EndGlobal
